
Microsoft Visual Studio Solution File, Format Version 12.00
# Visual Studio Version 17
VisualStudioVersion = 17.5.33414.496
MinimumVisualStudioVersion = 10.0.40219.1
Project("{8BC9CEB8-8B4A-11D0-8D11-00A0C91BC942}") = "Patterns", "Patterns.vcxproj", "{EBB433E7-15FE-41D1-9BCB-E6BE8D4954E0}"
EndProject
Project("{2150E333-8FDC-42A3-9474-1A3956D46DE8}") = "1. Factory method", "1. Factory method", "{C66DA43E-F7FC-4C1A-8746-9D10637A574A}"
EndProject
Project("{2150E333-8FDC-42A3-9474-1A3956D46DE8}") = "2. Abstract factory", "2. Abstract factory", "{6EBF830E-5AC5-4569-BE51-BE8DB8001946}"
EndProject
Project("{2150E333-8FDC-42A3-9474-1A3956D46DE8}") = "3. Builder", "3. Builder", "{BCC54DFD-301A-40A1-86C2-3D44AFC0ADC3}"
EndProject
Project("{2150E333-8FDC-42A3-9474-1A3956D46DE8}") = "4. Prototype", "4. Prototype", "{59C702EF-7C07-48FE-9079-319CEF2E49C9}"
EndProject
Project("{2150E333-8FDC-42A3-9474-1A3956D46DE8}") = "5. Singleton", "5. Singleton", "{FC5ED2AD-490C-46B8-AC2E-D1A139CD7437}"
EndProject
Project("{8BC9CEB8-8B4A-11D0-8D11-00A0C91BC942}") = "1. Traffic simulator", "1. Factory method\1. Traffic simulator\1. Traffic simulator.vcxproj", "{3C49B743-E466-4236-AAE5-EDEA7E4EA03C}"
EndProject
Project("{8BC9CEB8-8B4A-11D0-8D11-00A0C91BC942}") = "2. Coffee shop", "1. Factory method\2. Coffee shop\2. Coffee shop.vcxproj", "{CF117F51-B4F2-4399-9FA7-C67F51A93799}"
EndProject
Project("{8BC9CEB8-8B4A-11D0-8D11-00A0C91BC942}") = "3. Equations", "1. Factory method\3. Equations\3. Equations.vcxproj", "{D5329F5E-C2E9-4095-A9C1-26657FC01C51}"
EndProject
Project("{8BC9CEB8-8B4A-11D0-8D11-00A0C91BC942}") = "1. Coffee shop", "2. Abstract factory\1. Coffee shop\1. Coffee shop.vcxproj", "{3021A429-713C-488C-935C-8676D3D04B54}"
EndProject
Project("{8BC9CEB8-8B4A-11D0-8D11-00A0C91BC942}") = "1. Automobile plant", "3. Builder\1. Automobile plant\1. Automobile plant.vcxproj", "{DD07596A-9226-4B54-B193-8C1D26483C13}"
EndProject
Project("{8BC9CEB8-8B4A-11D0-8D11-00A0C91BC942}") = "2. String builder", "3. Builder\2. String builder\2. String builder.vcxproj", "{BBE6F83A-B421-41C1-A5AE-9F74B6C5E6FB}"
EndProject
Project("{8BC9CEB8-8B4A-11D0-8D11-00A0C91BC942}") = "1. Equation", "4. Prototype\1. Equation\1. Equation.vcxproj", "{5AF098AA-C2B1-415C-9F99-BC6E68CB927B}"
EndProject
Project("{8BC9CEB8-8B4A-11D0-8D11-00A0C91BC942}") = "2. Automobile plant", "4. Prototype\2. Automobile plant\2. Automobile plant.vcxproj", "{8D594CB9-98EC-4743-9E4E-86F1C30C2143}"
EndProject
Project("{8BC9CEB8-8B4A-11D0-8D11-00A0C91BC942}") = "1. Editor", "5. Singleton\1. Editor\1. Editor.vcxproj", "{13510389-9EB1-431C-9CDE-6E813469D839}"
EndProject
Project("{8BC9CEB8-8B4A-11D0-8D11-00A0C91BC942}") = "2. Automobile plant", "5. Singleton\2. Automobile plant\2. Automobile plant.vcxproj", "{1D789563-2112-4983-9790-03478FE08530}"
EndProject
Global
	GlobalSection(SolutionConfigurationPlatforms) = preSolution
		Debug|x64 = Debug|x64
		Debug|x86 = Debug|x86
		Release|x64 = Release|x64
		Release|x86 = Release|x86
	EndGlobalSection
	GlobalSection(ProjectConfigurationPlatforms) = postSolution
		{EBB433E7-15FE-41D1-9BCB-E6BE8D4954E0}.Debug|x64.ActiveCfg = Debug|x64
		{EBB433E7-15FE-41D1-9BCB-E6BE8D4954E0}.Debug|x64.Build.0 = Debug|x64
		{EBB433E7-15FE-41D1-9BCB-E6BE8D4954E0}.Debug|x86.ActiveCfg = Debug|Win32
		{EBB433E7-15FE-41D1-9BCB-E6BE8D4954E0}.Debug|x86.Build.0 = Debug|Win32
		{EBB433E7-15FE-41D1-9BCB-E6BE8D4954E0}.Release|x64.ActiveCfg = Release|x64
		{EBB433E7-15FE-41D1-9BCB-E6BE8D4954E0}.Release|x64.Build.0 = Release|x64
		{EBB433E7-15FE-41D1-9BCB-E6BE8D4954E0}.Release|x86.ActiveCfg = Release|Win32
		{EBB433E7-15FE-41D1-9BCB-E6BE8D4954E0}.Release|x86.Build.0 = Release|Win32
		{3C49B743-E466-4236-AAE5-EDEA7E4EA03C}.Debug|x64.ActiveCfg = Debug|x64
		{3C49B743-E466-4236-AAE5-EDEA7E4EA03C}.Debug|x64.Build.0 = Debug|x64
		{3C49B743-E466-4236-AAE5-EDEA7E4EA03C}.Debug|x86.ActiveCfg = Debug|Win32
		{3C49B743-E466-4236-AAE5-EDEA7E4EA03C}.Debug|x86.Build.0 = Debug|Win32
		{3C49B743-E466-4236-AAE5-EDEA7E4EA03C}.Release|x64.ActiveCfg = Release|x64
		{3C49B743-E466-4236-AAE5-EDEA7E4EA03C}.Release|x64.Build.0 = Release|x64
		{3C49B743-E466-4236-AAE5-EDEA7E4EA03C}.Release|x86.ActiveCfg = Release|Win32
		{3C49B743-E466-4236-AAE5-EDEA7E4EA03C}.Release|x86.Build.0 = Release|Win32
		{CF117F51-B4F2-4399-9FA7-C67F51A93799}.Debug|x64.ActiveCfg = Debug|x64
		{CF117F51-B4F2-4399-9FA7-C67F51A93799}.Debug|x64.Build.0 = Debug|x64
		{CF117F51-B4F2-4399-9FA7-C67F51A93799}.Debug|x86.ActiveCfg = Debug|Win32
		{CF117F51-B4F2-4399-9FA7-C67F51A93799}.Debug|x86.Build.0 = Debug|Win32
		{CF117F51-B4F2-4399-9FA7-C67F51A93799}.Release|x64.ActiveCfg = Release|x64
		{CF117F51-B4F2-4399-9FA7-C67F51A93799}.Release|x64.Build.0 = Release|x64
		{CF117F51-B4F2-4399-9FA7-C67F51A93799}.Release|x86.ActiveCfg = Release|Win32
		{CF117F51-B4F2-4399-9FA7-C67F51A93799}.Release|x86.Build.0 = Release|Win32
		{D5329F5E-C2E9-4095-A9C1-26657FC01C51}.Debug|x64.ActiveCfg = Debug|x64
		{D5329F5E-C2E9-4095-A9C1-26657FC01C51}.Debug|x64.Build.0 = Debug|x64
		{D5329F5E-C2E9-4095-A9C1-26657FC01C51}.Debug|x86.ActiveCfg = Debug|Win32
		{D5329F5E-C2E9-4095-A9C1-26657FC01C51}.Debug|x86.Build.0 = Debug|Win32
		{D5329F5E-C2E9-4095-A9C1-26657FC01C51}.Release|x64.ActiveCfg = Release|x64
		{D5329F5E-C2E9-4095-A9C1-26657FC01C51}.Release|x64.Build.0 = Release|x64
		{D5329F5E-C2E9-4095-A9C1-26657FC01C51}.Release|x86.ActiveCfg = Release|Win32
		{D5329F5E-C2E9-4095-A9C1-26657FC01C51}.Release|x86.Build.0 = Release|Win32
		{3021A429-713C-488C-935C-8676D3D04B54}.Debug|x64.ActiveCfg = Debug|x64
		{3021A429-713C-488C-935C-8676D3D04B54}.Debug|x64.Build.0 = Debug|x64
		{3021A429-713C-488C-935C-8676D3D04B54}.Debug|x86.ActiveCfg = Debug|Win32
		{3021A429-713C-488C-935C-8676D3D04B54}.Debug|x86.Build.0 = Debug|Win32
		{3021A429-713C-488C-935C-8676D3D04B54}.Release|x64.ActiveCfg = Release|x64
		{3021A429-713C-488C-935C-8676D3D04B54}.Release|x64.Build.0 = Release|x64
		{3021A429-713C-488C-935C-8676D3D04B54}.Release|x86.ActiveCfg = Release|Win32
		{3021A429-713C-488C-935C-8676D3D04B54}.Release|x86.Build.0 = Release|Win32
		{DD07596A-9226-4B54-B193-8C1D26483C13}.Debug|x64.ActiveCfg = Debug|x64
		{DD07596A-9226-4B54-B193-8C1D26483C13}.Debug|x64.Build.0 = Debug|x64
		{DD07596A-9226-4B54-B193-8C1D26483C13}.Debug|x86.ActiveCfg = Debug|Win32
		{DD07596A-9226-4B54-B193-8C1D26483C13}.Debug|x86.Build.0 = Debug|Win32
		{DD07596A-9226-4B54-B193-8C1D26483C13}.Release|x64.ActiveCfg = Release|x64
		{DD07596A-9226-4B54-B193-8C1D26483C13}.Release|x64.Build.0 = Release|x64
		{DD07596A-9226-4B54-B193-8C1D26483C13}.Release|x86.ActiveCfg = Release|Win32
		{DD07596A-9226-4B54-B193-8C1D26483C13}.Release|x86.Build.0 = Release|Win32
		{BBE6F83A-B421-41C1-A5AE-9F74B6C5E6FB}.Debug|x64.ActiveCfg = Debug|x64
		{BBE6F83A-B421-41C1-A5AE-9F74B6C5E6FB}.Debug|x64.Build.0 = Debug|x64
		{BBE6F83A-B421-41C1-A5AE-9F74B6C5E6FB}.Debug|x86.ActiveCfg = Debug|Win32
		{BBE6F83A-B421-41C1-A5AE-9F74B6C5E6FB}.Debug|x86.Build.0 = Debug|Win32
		{BBE6F83A-B421-41C1-A5AE-9F74B6C5E6FB}.Release|x64.ActiveCfg = Release|x64
		{BBE6F83A-B421-41C1-A5AE-9F74B6C5E6FB}.Release|x64.Build.0 = Release|x64
		{BBE6F83A-B421-41C1-A5AE-9F74B6C5E6FB}.Release|x86.ActiveCfg = Release|Win32
		{BBE6F83A-B421-41C1-A5AE-9F74B6C5E6FB}.Release|x86.Build.0 = Release|Win32
		{5AF098AA-C2B1-415C-9F99-BC6E68CB927B}.Debug|x64.ActiveCfg = Debug|x64
		{5AF098AA-C2B1-415C-9F99-BC6E68CB927B}.Debug|x64.Build.0 = Debug|x64
		{5AF098AA-C2B1-415C-9F99-BC6E68CB927B}.Debug|x86.ActiveCfg = Debug|Win32
		{5AF098AA-C2B1-415C-9F99-BC6E68CB927B}.Debug|x86.Build.0 = Debug|Win32
		{5AF098AA-C2B1-415C-9F99-BC6E68CB927B}.Release|x64.ActiveCfg = Release|x64
		{5AF098AA-C2B1-415C-9F99-BC6E68CB927B}.Release|x64.Build.0 = Release|x64
		{5AF098AA-C2B1-415C-9F99-BC6E68CB927B}.Release|x86.ActiveCfg = Release|Win32
		{5AF098AA-C2B1-415C-9F99-BC6E68CB927B}.Release|x86.Build.0 = Release|Win32
		{8D594CB9-98EC-4743-9E4E-86F1C30C2143}.Debug|x64.ActiveCfg = Debug|x64
		{8D594CB9-98EC-4743-9E4E-86F1C30C2143}.Debug|x64.Build.0 = Debug|x64
		{8D594CB9-98EC-4743-9E4E-86F1C30C2143}.Debug|x86.ActiveCfg = Debug|Win32
		{8D594CB9-98EC-4743-9E4E-86F1C30C2143}.Debug|x86.Build.0 = Debug|Win32
		{8D594CB9-98EC-4743-9E4E-86F1C30C2143}.Release|x64.ActiveCfg = Release|x64
		{8D594CB9-98EC-4743-9E4E-86F1C30C2143}.Release|x64.Build.0 = Release|x64
		{8D594CB9-98EC-4743-9E4E-86F1C30C2143}.Release|x86.ActiveCfg = Release|Win32
		{8D594CB9-98EC-4743-9E4E-86F1C30C2143}.Release|x86.Build.0 = Release|Win32
		{13510389-9EB1-431C-9CDE-6E813469D839}.Debug|x64.ActiveCfg = Debug|x64
		{13510389-9EB1-431C-9CDE-6E813469D839}.Debug|x64.Build.0 = Debug|x64
		{13510389-9EB1-431C-9CDE-6E813469D839}.Debug|x86.ActiveCfg = Debug|Win32
		{13510389-9EB1-431C-9CDE-6E813469D839}.Debug|x86.Build.0 = Debug|Win32
		{13510389-9EB1-431C-9CDE-6E813469D839}.Release|x64.ActiveCfg = Release|x64
		{13510389-9EB1-431C-9CDE-6E813469D839}.Release|x64.Build.0 = Release|x64
		{13510389-9EB1-431C-9CDE-6E813469D839}.Release|x86.ActiveCfg = Release|Win32
		{13510389-9EB1-431C-9CDE-6E813469D839}.Release|x86.Build.0 = Release|Win32
		{1D789563-2112-4983-9790-03478FE08530}.Debug|x64.ActiveCfg = Debug|x64
		{1D789563-2112-4983-9790-03478FE08530}.Debug|x64.Build.0 = Debug|x64
		{1D789563-2112-4983-9790-03478FE08530}.Debug|x86.ActiveCfg = Debug|Win32
		{1D789563-2112-4983-9790-03478FE08530}.Debug|x86.Build.0 = Debug|Win32
		{1D789563-2112-4983-9790-03478FE08530}.Release|x64.ActiveCfg = Release|x64
		{1D789563-2112-4983-9790-03478FE08530}.Release|x64.Build.0 = Release|x64
		{1D789563-2112-4983-9790-03478FE08530}.Release|x86.ActiveCfg = Release|Win32
		{1D789563-2112-4983-9790-03478FE08530}.Release|x86.Build.0 = Release|Win32
	EndGlobalSection
	GlobalSection(SolutionProperties) = preSolution
		HideSolutionNode = FALSE
	EndGlobalSection
	GlobalSection(NestedProjects) = preSolution
		{3C49B743-E466-4236-AAE5-EDEA7E4EA03C} = {C66DA43E-F7FC-4C1A-8746-9D10637A574A}
		{CF117F51-B4F2-4399-9FA7-C67F51A93799} = {C66DA43E-F7FC-4C1A-8746-9D10637A574A}
		{D5329F5E-C2E9-4095-A9C1-26657FC01C51} = {C66DA43E-F7FC-4C1A-8746-9D10637A574A}
		{3021A429-713C-488C-935C-8676D3D04B54} = {6EBF830E-5AC5-4569-BE51-BE8DB8001946}
		{DD07596A-9226-4B54-B193-8C1D26483C13} = {BCC54DFD-301A-40A1-86C2-3D44AFC0ADC3}
		{BBE6F83A-B421-41C1-A5AE-9F74B6C5E6FB} = {BCC54DFD-301A-40A1-86C2-3D44AFC0ADC3}
		{5AF098AA-C2B1-415C-9F99-BC6E68CB927B} = {59C702EF-7C07-48FE-9079-319CEF2E49C9}
		{8D594CB9-98EC-4743-9E4E-86F1C30C2143} = {59C702EF-7C07-48FE-9079-319CEF2E49C9}
		{13510389-9EB1-431C-9CDE-6E813469D839} = {FC5ED2AD-490C-46B8-AC2E-D1A139CD7437}
		{1D789563-2112-4983-9790-03478FE08530} = {FC5ED2AD-490C-46B8-AC2E-D1A139CD7437}
	EndGlobalSection
	GlobalSection(ExtensibilityGlobals) = postSolution
		SolutionGuid = {72B85301-EAFE-4D07-81C6-F945D34C84A5}
	EndGlobalSection
EndGlobal
