
Microsoft Visual Studio Solution File, Format Version 12.00
# Visual Studio Version 17
VisualStudioVersion = 17.5.33414.496
MinimumVisualStudioVersion = 10.0.40219.1
Project("{8BC9CEB8-8B4A-11D0-8D11-00A0C91BC942}") = "1. Supermarket", "1. Supermarket.vcxproj", "{0906AA16-965B-4E6B-8A88-20B1533D21FD}"
EndProject
Global
	GlobalSection(SolutionConfigurationPlatforms) = preSolution
		Debug|x64 = Debug|x64
		Debug|x86 = Debug|x86
		Release|x64 = Release|x64
		Release|x86 = Release|x86
	EndGlobalSection
	GlobalSection(ProjectConfigurationPlatforms) = postSolution
		{0906AA16-965B-4E6B-8A88-20B1533D21FD}.Debug|x64.ActiveCfg = Debug|x64
		{0906AA16-965B-4E6B-8A88-20B1533D21FD}.Debug|x64.Build.0 = Debug|x64
		{0906AA16-965B-4E6B-8A88-20B1533D21FD}.Debug|x86.ActiveCfg = Debug|Win32
		{0906AA16-965B-4E6B-8A88-20B1533D21FD}.Debug|x86.Build.0 = Debug|Win32
		{0906AA16-965B-4E6B-8A88-20B1533D21FD}.Release|x64.ActiveCfg = Release|x64
		{0906AA16-965B-4E6B-8A88-20B1533D21FD}.Release|x64.Build.0 = Release|x64
		{0906AA16-965B-4E6B-8A88-20B1533D21FD}.Release|x86.ActiveCfg = Release|Win32
		{0906AA16-965B-4E6B-8A88-20B1533D21FD}.Release|x86.Build.0 = Release|Win32
	EndGlobalSection
	GlobalSection(SolutionProperties) = preSolution
		HideSolutionNode = FALSE
	EndGlobalSection
	GlobalSection(ExtensibilityGlobals) = postSolution
		SolutionGuid = {944B0390-8C4D-4015-BE37-70DB55F3E61F}
	EndGlobalSection
EndGlobal
