
Microsoft Visual Studio Solution File, Format Version 12.00
# Visual Studio Version 17
VisualStudioVersion = 17.5.33414.496
MinimumVisualStudioVersion = 10.0.40219.1
Project("{8BC9CEB8-8B4A-11D0-8D11-00A0C91BC942}") = "1. Triangle v2.0", "1. Triangle v2.0.vcxproj", "{DCFB142B-F0A4-4E0B-9C17-A5F0A1EECB9F}"
EndProject
Global
	GlobalSection(SolutionConfigurationPlatforms) = preSolution
		Debug|x64 = Debug|x64
		Debug|x86 = Debug|x86
		Release|x64 = Release|x64
		Release|x86 = Release|x86
	EndGlobalSection
	GlobalSection(ProjectConfigurationPlatforms) = postSolution
		{DCFB142B-F0A4-4E0B-9C17-A5F0A1EECB9F}.Debug|x64.ActiveCfg = Debug|x64
		{DCFB142B-F0A4-4E0B-9C17-A5F0A1EECB9F}.Debug|x64.Build.0 = Debug|x64
		{DCFB142B-F0A4-4E0B-9C17-A5F0A1EECB9F}.Debug|x86.ActiveCfg = Debug|Win32
		{DCFB142B-F0A4-4E0B-9C17-A5F0A1EECB9F}.Debug|x86.Build.0 = Debug|Win32
		{DCFB142B-F0A4-4E0B-9C17-A5F0A1EECB9F}.Release|x64.ActiveCfg = Release|x64
		{DCFB142B-F0A4-4E0B-9C17-A5F0A1EECB9F}.Release|x64.Build.0 = Release|x64
		{DCFB142B-F0A4-4E0B-9C17-A5F0A1EECB9F}.Release|x86.ActiveCfg = Release|Win32
		{DCFB142B-F0A4-4E0B-9C17-A5F0A1EECB9F}.Release|x86.Build.0 = Release|Win32
	EndGlobalSection
	GlobalSection(SolutionProperties) = preSolution
		HideSolutionNode = FALSE
	EndGlobalSection
	GlobalSection(ExtensibilityGlobals) = postSolution
		SolutionGuid = {6595E5AD-7CDA-44E6-BDC8-52B8439AE35B}
	EndGlobalSection
EndGlobal
